
Microsoft Visual Studio Solution File, Format Version 12.00
# Visual Studio Version 16
VisualStudioVersion = 16.0.31019.35
MinimumVisualStudioVersion = 10.0.40219.1
Project("{FAE04EC0-301F-11D3-BF4B-00C04F79EFBC}") = "Doczz", "Doczz.csproj", "{7D24F4ED-F109-46DB-8BCD-C4A5403BB905}"
EndProject
Global
	GlobalSection(SolutionConfigurationPlatforms) = preSolution
		Debug|Any CPU = Debug|Any CPU
		Release|Any CPU = Release|Any CPU
	EndGlobalSection
	GlobalSection(ProjectConfigurationPlatforms) = postSolution
		{7D24F4ED-F109-46DB-8BCD-C4A5403BB905}.Debug|Any CPU.ActiveCfg = Debug|Any CPU
		{7D24F4ED-F109-46DB-8BCD-C4A5403BB905}.Debug|Any CPU.Build.0 = Debug|Any CPU
		{7D24F4ED-F109-46DB-8BCD-C4A5403BB905}.Release|Any CPU.ActiveCfg = Release|Any CPU
		{7D24F4ED-F109-46DB-8BCD-C4A5403BB905}.Release|Any CPU.Build.0 = Release|Any CPU
	EndGlobalSection
	GlobalSection(SolutionProperties) = preSolution
		HideSolutionNode = FALSE
	EndGlobalSection
	GlobalSection(ExtensibilityGlobals) = postSolution
		SolutionGuid = {824CD0AA-96D0-4E00-92B4-28F7CDDB2D5B}
	EndGlobalSection
EndGlobal
